// !$*UTF8*$!
{
	archiveVersion = 1;
	classes = {
	};
	objectVersion = 56;
	objects = {

/* Begin PBXBuildFile section */
		E502501D2B841E2D00FDC47E /* Logger.swift in Sources */ = {isa = PBXBuildFile; fileRef = E502501C2B841E2D00FDC47E /* Logger.swift */; };
		E50250202B84201700FDC47E /* WebSocketManager.swift in Sources */ = {isa = PBXBuildFile; fileRef = E502501F2B84201700FDC47E /* WebSocketManager.swift */; };
		E50250252B84371700FDC47E /* Color+Extenstions.swift in Sources */ = {isa = PBXBuildFile; fileRef = E50250242B84371700FDC47E /* Color+Extenstions.swift */; };
		E50250282B84478500FDC47E /* Date+Extenstions.swift in Sources */ = {isa = PBXBuildFile; fileRef = E50250272B84478500FDC47E /* Date+Extenstions.swift */; };
		E502502A2B84479900FDC47E /* String+Extenstions.swift in Sources */ = {isa = PBXBuildFile; fileRef = E50250292B84479900FDC47E /* String+Extenstions.swift */; };
		E502502C2B8448E000FDC47E /* Navigation.swift in Sources */ = {isa = PBXBuildFile; fileRef = E502502B2B8448E000FDC47E /* Navigation.swift */; };
		E502502F2B844ACD00FDC47E /* Message.swift in Sources */ = {isa = PBXBuildFile; fileRef = E502502E2B844ACD00FDC47E /* Message.swift */; };
		E51A64112B8AF94D00647993 /* Aliases.swift in Sources */ = {isa = PBXBuildFile; fileRef = E51A64102B8AF94C00647993 /* Aliases.swift */; };
		E51A64132B8AFAA700647993 /* APIError.swift in Sources */ = {isa = PBXBuildFile; fileRef = E51A64122B8AFAA700647993 /* APIError.swift */; };
		E54BDBA22B86B96800E70B7A /* StartView.swift in Sources */ = {isa = PBXBuildFile; fileRef = E54BDBA12B86B96800E70B7A /* StartView.swift */; };
		E54BDBA42B86BF8600E70B7A /* CGFloat+Extenstions.swift in Sources */ = {isa = PBXBuildFile; fileRef = E54BDBA32B86BF8600E70B7A /* CGFloat+Extenstions.swift */; };
		E54BDBA62B86D00900E70B7A /* UIDevice+Extenstions.swift in Sources */ = {isa = PBXBuildFile; fileRef = E54BDBA52B86D00900E70B7A /* UIDevice+Extenstions.swift */; };
		E56A9CAB2B85797100ECD187 /* MessageBubble.swift in Sources */ = {isa = PBXBuildFile; fileRef = E56A9CAA2B85797100ECD187 /* MessageBubble.swift */; };
		E56A9CAD2B857B9000ECD187 /* View+Extenstions.swift in Sources */ = {isa = PBXBuildFile; fileRef = E56A9CAC2B857B9000ECD187 /* View+Extenstions.swift */; };
		E56A9CAF2B85AB8F00ECD187 /* DispatchQueue.swift in Sources */ = {isa = PBXBuildFile; fileRef = E56A9CAE2B85AB8F00ECD187 /* DispatchQueue.swift */; };
		E5808E222B82216C009283CE /* RealTimeMessengerApp.swift in Sources */ = {isa = PBXBuildFile; fileRef = E5808E212B82216C009283CE /* RealTimeMessengerApp.swift */; };
		E5808E262B82216D009283CE /* Assets.xcassets in Resources */ = {isa = PBXBuildFile; fileRef = E5808E252B82216D009283CE /* Assets.xcassets */; };
		E5808E292B82216D009283CE /* Preview Assets.xcassets in Resources */ = {isa = PBXBuildFile; fileRef = E5808E282B82216D009283CE /* Preview Assets.xcassets */; };
		E5BDFC2E2B82DF06002E0B7E /* ChatView.swift in Sources */ = {isa = PBXBuildFile; fileRef = E5BDFC2D2B82DF06002E0B7E /* ChatView.swift */; };
		E5BDFC342B82ED3D002E0B7E /* ChatMessage.swift in Sources */ = {isa = PBXBuildFile; fileRef = E5BDFC332B82ED3D002E0B7E /* ChatMessage.swift */; };
		E5BDFC362B82ED4B002E0B7E /* ChatViewModel.swift in Sources */ = {isa = PBXBuildFile; fileRef = E5BDFC352B82ED4B002E0B7E /* ChatViewModel.swift */; };
		E5BDFC382B82EDD5002E0B7E /* ChatViewModel+Mock.swift in Sources */ = {isa = PBXBuildFile; fileRef = E5BDFC372B82EDD5002E0B7E /* ChatViewModel+Mock.swift */; };
		E5BDFC3C2B82EE88002E0B7E /* Image+Extenstions.swift in Sources */ = {isa = PBXBuildFile; fileRef = E5BDFC3B2B82EE88002E0B7E /* Image+Extenstions.swift */; };
/* End PBXBuildFile section */

/* Begin PBXFileReference section */
		E502501C2B841E2D00FDC47E /* Logger.swift */ = {isa = PBXFileReference; lastKnownFileType = sourcecode.swift; path = Logger.swift; sourceTree = "<group>"; };
		E502501F2B84201700FDC47E /* WebSocketManager.swift */ = {isa = PBXFileReference; lastKnownFileType = sourcecode.swift; path = WebSocketManager.swift; sourceTree = "<group>"; };
		E50250242B84371700FDC47E /* Color+Extenstions.swift */ = {isa = PBXFileReference; lastKnownFileType = sourcecode.swift; path = "Color+Extenstions.swift"; sourceTree = "<group>"; };
		E50250272B84478500FDC47E /* Date+Extenstions.swift */ = {isa = PBXFileReference; lastKnownFileType = sourcecode.swift; path = "Date+Extenstions.swift"; sourceTree = "<group>"; };
		E50250292B84479900FDC47E /* String+Extenstions.swift */ = {isa = PBXFileReference; lastKnownFileType = sourcecode.swift; path = "String+Extenstions.swift"; sourceTree = "<group>"; };
		E502502B2B8448E000FDC47E /* Navigation.swift */ = {isa = PBXFileReference; lastKnownFileType = sourcecode.swift; path = Navigation.swift; sourceTree = "<group>"; };
		E502502E2B844ACD00FDC47E /* Message.swift */ = {isa = PBXFileReference; lastKnownFileType = sourcecode.swift; path = Message.swift; sourceTree = "<group>"; };
		E51A64102B8AF94C00647993 /* Aliases.swift */ = {isa = PBXFileReference; lastKnownFileType = sourcecode.swift; path = Aliases.swift; sourceTree = "<group>"; };
		E51A64122B8AFAA700647993 /* APIError.swift */ = {isa = PBXFileReference; lastKnownFileType = sourcecode.swift; path = APIError.swift; sourceTree = "<group>"; };
		E54BDBA12B86B96800E70B7A /* StartView.swift */ = {isa = PBXFileReference; lastKnownFileType = sourcecode.swift; path = StartView.swift; sourceTree = "<group>"; };
		E54BDBA32B86BF8600E70B7A /* CGFloat+Extenstions.swift */ = {isa = PBXFileReference; lastKnownFileType = sourcecode.swift; path = "CGFloat+Extenstions.swift"; sourceTree = "<group>"; };
		E54BDBA52B86D00900E70B7A /* UIDevice+Extenstions.swift */ = {isa = PBXFileReference; lastKnownFileType = sourcecode.swift; path = "UIDevice+Extenstions.swift"; sourceTree = "<group>"; };
		E56A9CAA2B85797100ECD187 /* MessageBubble.swift */ = {isa = PBXFileReference; lastKnownFileType = sourcecode.swift; path = MessageBubble.swift; sourceTree = "<group>"; };
		E56A9CAC2B857B9000ECD187 /* View+Extenstions.swift */ = {isa = PBXFileReference; lastKnownFileType = sourcecode.swift; path = "View+Extenstions.swift"; sourceTree = "<group>"; };
		E56A9CAE2B85AB8F00ECD187 /* DispatchQueue.swift */ = {isa = PBXFileReference; lastKnownFileType = sourcecode.swift; path = DispatchQueue.swift; sourceTree = "<group>"; };
		E5808E1E2B82216C009283CE /* RealTimeMessenger.app */ = {isa = PBXFileReference; explicitFileType = wrapper.application; includeInIndex = 0; path = RealTimeMessenger.app; sourceTree = BUILT_PRODUCTS_DIR; };
		E5808E212B82216C009283CE /* RealTimeMessengerApp.swift */ = {isa = PBXFileReference; lastKnownFileType = sourcecode.swift; path = RealTimeMessengerApp.swift; sourceTree = "<group>"; };
		E5808E252B82216D009283CE /* Assets.xcassets */ = {isa = PBXFileReference; lastKnownFileType = folder.assetcatalog; path = Assets.xcassets; sourceTree = "<group>"; };
		E5808E282B82216D009283CE /* Preview Assets.xcassets */ = {isa = PBXFileReference; lastKnownFileType = folder.assetcatalog; path = "Preview Assets.xcassets"; sourceTree = "<group>"; };
		E5BDFC2D2B82DF06002E0B7E /* ChatView.swift */ = {isa = PBXFileReference; lastKnownFileType = sourcecode.swift; path = ChatView.swift; sourceTree = "<group>"; };
		E5BDFC332B82ED3D002E0B7E /* ChatMessage.swift */ = {isa = PBXFileReference; lastKnownFileType = sourcecode.swift; path = ChatMessage.swift; sourceTree = "<group>"; };
		E5BDFC352B82ED4B002E0B7E /* ChatViewModel.swift */ = {isa = PBXFileReference; lastKnownFileType = sourcecode.swift; path = ChatViewModel.swift; sourceTree = "<group>"; };
		E5BDFC372B82EDD5002E0B7E /* ChatViewModel+Mock.swift */ = {isa = PBXFileReference; lastKnownFileType = sourcecode.swift; path = "ChatViewModel+Mock.swift"; sourceTree = "<group>"; };
		E5BDFC3B2B82EE88002E0B7E /* Image+Extenstions.swift */ = {isa = PBXFileReference; lastKnownFileType = sourcecode.swift; path = "Image+Extenstions.swift"; sourceTree = "<group>"; };
/* End PBXFileReference section */

/* Begin PBXFrameworksBuildPhase section */
		E5808E1B2B82216C009283CE /* Frameworks */ = {
			isa = PBXFrameworksBuildPhase;
			buildActionMask = 2147483647;
			files = (
			);
			runOnlyForDeploymentPostprocessing = 0;
		};
/* End PBXFrameworksBuildPhase section */

/* Begin PBXGroup section */
		E502501E2B84200600FDC47E /* Network */ = {
			isa = PBXGroup;
			children = (
				E50250302B844BC000FDC47E /* WebSocket */,
			);
			path = Network;
			sourceTree = "<group>";
		};
		E50250212B84366100FDC47E /* StartScreen */ = {
			isa = PBXGroup;
			children = (
				E502502D2B844ABC00FDC47E /* Model */,
				E50250262B843B5300FDC47E /* View */,
				E5BDFC312B82E7CB002E0B7E /* ViewModel */,
			);
			path = StartScreen;
			sourceTree = "<group>";
		};
		E50250262B843B5300FDC47E /* View */ = {
			isa = PBXGroup;
			children = (
				E54BDBA12B86B96800E70B7A /* StartView.swift */,
			);
			path = View;
			sourceTree = "<group>";
		};
		E502502D2B844ABC00FDC47E /* Model */ = {
			isa = PBXGroup;
			children = (
				E502502E2B844ACD00FDC47E /* Message.swift */,
			);
			path = Model;
			sourceTree = "<group>";
		};
		E50250302B844BC000FDC47E /* WebSocket */ = {
			isa = PBXGroup;
			children = (
				E502501F2B84201700FDC47E /* WebSocketManager.swift */,
				E51A64122B8AFAA700647993 /* APIError.swift */,
			);
			path = WebSocket;
			sourceTree = "<group>";
		};
		E5808E152B82216C009283CE = {
			isa = PBXGroup;
			children = (
				E5808E202B82216C009283CE /* RealTimeMessenger */,
				E5808E1F2B82216C009283CE /* Products */,
			);
			sourceTree = "<group>";
		};
		E5808E1F2B82216C009283CE /* Products */ = {
			isa = PBXGroup;
			children = (
				E5808E1E2B82216C009283CE /* RealTimeMessenger.app */,
			);
			name = Products;
			sourceTree = "<group>";
		};
		E5808E202B82216C009283CE /* RealTimeMessenger */ = {
			isa = PBXGroup;
			children = (
				E5808E302B82219F009283CE /* Application */,
				E502501E2B84200600FDC47E /* Network */,
				E5BDFC392B82EE71002E0B7E /* Helper */,
				E5808E2F2B82217B009283CE /* Resources */,
				E5808E312B8221AE009283CE /* Screens */,
			);
			path = RealTimeMessenger;
			sourceTree = "<group>";
		};
		E5808E272B82216D009283CE /* Preview Content */ = {
			isa = PBXGroup;
			children = (
				E5808E282B82216D009283CE /* Preview Assets.xcassets */,
			);
			path = "Preview Content";
			sourceTree = "<group>";
		};
		E5808E2F2B82217B009283CE /* Resources */ = {
			isa = PBXGroup;
			children = (
				E5808E252B82216D009283CE /* Assets.xcassets */,
				E5808E272B82216D009283CE /* Preview Content */,
			);
			path = Resources;
			sourceTree = "<group>";
		};
		E5808E302B82219F009283CE /* Application */ = {
			isa = PBXGroup;
			children = (
				E502502B2B8448E000FDC47E /* Navigation.swift */,
				E5808E212B82216C009283CE /* RealTimeMessengerApp.swift */,
			);
			path = Application;
			sourceTree = "<group>";
		};
		E5808E312B8221AE009283CE /* Screens */ = {
			isa = PBXGroup;
			children = (
				E50250212B84366100FDC47E /* StartScreen */,
				E5BDFC2F2B82E7B9002E0B7E /* ChatSreen */,
			);
			path = Screens;
			sourceTree = "<group>";
		};
		E5BDFC2F2B82E7B9002E0B7E /* ChatSreen */ = {
			isa = PBXGroup;
			children = (
				E5BDFC322B82E7D4002E0B7E /* Model */,
				E5BDFC302B82E7BF002E0B7E /* View */,
			);
			path = ChatSreen;
			sourceTree = "<group>";
		};
		E5BDFC302B82E7BF002E0B7E /* View */ = {
			isa = PBXGroup;
			children = (
				E5BDFC2D2B82DF06002E0B7E /* ChatView.swift */,
				E56A9CAA2B85797100ECD187 /* MessageBubble.swift */,
			);
			path = View;
			sourceTree = "<group>";
		};
		E5BDFC312B82E7CB002E0B7E /* ViewModel */ = {
			isa = PBXGroup;
			children = (
				E5BDFC352B82ED4B002E0B7E /* ChatViewModel.swift */,
				E5BDFC372B82EDD5002E0B7E /* ChatViewModel+Mock.swift */,
			);
			path = ViewModel;
			sourceTree = "<group>";
		};
		E5BDFC322B82E7D4002E0B7E /* Model */ = {
			isa = PBXGroup;
			children = (
				E5BDFC332B82ED3D002E0B7E /* ChatMessage.swift */,
			);
			path = Model;
			sourceTree = "<group>";
		};
		E5BDFC392B82EE71002E0B7E /* Helper */ = {
			isa = PBXGroup;
			children = (
				E5BDFC3A2B82EE77002E0B7E /* Extenstions */,
				E502501C2B841E2D00FDC47E /* Logger.swift */,
				E51A64102B8AF94C00647993 /* Aliases.swift */,
			);
			path = Helper;
			sourceTree = "<group>";
		};
		E5BDFC3A2B82EE77002E0B7E /* Extenstions */ = {
			isa = PBXGroup;
			children = (
				E5BDFC3B2B82EE88002E0B7E /* Image+Extenstions.swift */,
				E50250242B84371700FDC47E /* Color+Extenstions.swift */,
				E50250272B84478500FDC47E /* Date+Extenstions.swift */,
				E50250292B84479900FDC47E /* String+Extenstions.swift */,
				E56A9CAC2B857B9000ECD187 /* View+Extenstions.swift */,
				E56A9CAE2B85AB8F00ECD187 /* DispatchQueue.swift */,
				E54BDBA32B86BF8600E70B7A /* CGFloat+Extenstions.swift */,
				E54BDBA52B86D00900E70B7A /* UIDevice+Extenstions.swift */,
			);
			path = Extenstions;
			sourceTree = "<group>";
		};
/* End PBXGroup section */

/* Begin PBXNativeTarget section */
		E5808E1D2B82216C009283CE /* RealTimeMessenger */ = {
			isa = PBXNativeTarget;
			buildConfigurationList = E5808E2C2B82216D009283CE /* Build configuration list for PBXNativeTarget "RealTimeMessenger" */;
			buildPhases = (
				E5808E1A2B82216C009283CE /* Sources */,
				E5808E1B2B82216C009283CE /* Frameworks */,
				E5808E1C2B82216C009283CE /* Resources */,
			);
			buildRules = (
			);
			dependencies = (
			);
			name = RealTimeMessenger;
			productName = RealTimeMessenger;
			productReference = E5808E1E2B82216C009283CE /* RealTimeMessenger.app */;
			productType = "com.apple.product-type.application";
		};
/* End PBXNativeTarget section */

/* Begin PBXProject section */
		E5808E162B82216C009283CE /* Project object */ = {
			isa = PBXProject;
			attributes = {
				BuildIndependentTargetsInParallel = 1;
				LastSwiftUpdateCheck = 1520;
				LastUpgradeCheck = 1520;
				TargetAttributes = {
					E5808E1D2B82216C009283CE = {
						CreatedOnToolsVersion = 15.2;
					};
				};
			};
			buildConfigurationList = E5808E192B82216C009283CE /* Build configuration list for PBXProject "RealTimeMessenger" */;
			compatibilityVersion = "Xcode 14.0";
			developmentRegion = en;
			hasScannedForEncodings = 0;
			knownRegions = (
				en,
				Base,
			);
			mainGroup = E5808E152B82216C009283CE;
			productRefGroup = E5808E1F2B82216C009283CE /* Products */;
			projectDirPath = "";
			projectRoot = "";
			targets = (
				E5808E1D2B82216C009283CE /* RealTimeMessenger */,
			);
		};
/* End PBXProject section */

/* Begin PBXResourcesBuildPhase section */
		E5808E1C2B82216C009283CE /* Resources */ = {
			isa = PBXResourcesBuildPhase;
			buildActionMask = 2147483647;
			files = (
				E5808E292B82216D009283CE /* Preview Assets.xcassets in Resources */,
				E5808E262B82216D009283CE /* Assets.xcassets in Resources */,
			);
			runOnlyForDeploymentPostprocessing = 0;
		};
/* End PBXResourcesBuildPhase section */

/* Begin PBXSourcesBuildPhase section */
		E5808E1A2B82216C009283CE /* Sources */ = {
			isa = PBXSourcesBuildPhase;
			buildActionMask = 2147483647;
			files = (
				E5BDFC382B82EDD5002E0B7E /* ChatViewModel+Mock.swift in Sources */,
				E54BDBA22B86B96800E70B7A /* StartView.swift in Sources */,
				E5BDFC3C2B82EE88002E0B7E /* Image+Extenstions.swift in Sources */,
				E56A9CAD2B857B9000ECD187 /* View+Extenstions.swift in Sources */,
				E5BDFC342B82ED3D002E0B7E /* ChatMessage.swift in Sources */,
				E50250252B84371700FDC47E /* Color+Extenstions.swift in Sources */,
				E50250282B84478500FDC47E /* Date+Extenstions.swift in Sources */,
				E5BDFC2E2B82DF06002E0B7E /* ChatView.swift in Sources */,
				E5BDFC362B82ED4B002E0B7E /* ChatViewModel.swift in Sources */,
				E502502C2B8448E000FDC47E /* Navigation.swift in Sources */,
				E5808E222B82216C009283CE /* RealTimeMessengerApp.swift in Sources */,
				E502502A2B84479900FDC47E /* String+Extenstions.swift in Sources */,
				E502502F2B844ACD00FDC47E /* Message.swift in Sources */,
				E54BDBA42B86BF8600E70B7A /* CGFloat+Extenstions.swift in Sources */,
				E50250202B84201700FDC47E /* WebSocketManager.swift in Sources */,
				E502501D2B841E2D00FDC47E /* Logger.swift in Sources */,
				E51A64112B8AF94D00647993 /* Aliases.swift in Sources */,
				E56A9CAB2B85797100ECD187 /* MessageBubble.swift in Sources */,
				E54BDBA62B86D00900E70B7A /* UIDevice+Extenstions.swift in Sources */,
				E56A9CAF2B85AB8F00ECD187 /* DispatchQueue.swift in Sources */,
				E51A64132B8AFAA700647993 /* APIError.swift in Sources */,
			);
			runOnlyForDeploymentPostprocessing = 0;
		};
/* End PBXSourcesBuildPhase section */

/* Begin XCBuildConfiguration section */
		E5808E2A2B82216D009283CE /* Debug */ = {
			isa = XCBuildConfiguration;
			buildSettings = {
				ALWAYS_SEARCH_USER_PATHS = NO;
				ASSETCATALOG_COMPILER_GENERATE_SWIFT_ASSET_SYMBOL_EXTENSIONS = YES;
				CLANG_ANALYZER_NONNULL = YES;
				CLANG_ANALYZER_NUMBER_OBJECT_CONVERSION = YES_AGGRESSIVE;
				CLANG_CXX_LANGUAGE_STANDARD = "gnu++20";
				CLANG_ENABLE_MODULES = YES;
				CLANG_ENABLE_OBJC_ARC = YES;
				CLANG_ENABLE_OBJC_WEAK = YES;
				CLANG_WARN_BLOCK_CAPTURE_AUTORELEASING = YES;
				CLANG_WARN_BOOL_CONVERSION = YES;
				CLANG_WARN_COMMA = YES;
				CLANG_WARN_CONSTANT_CONVERSION = YES;
				CLANG_WARN_DEPRECATED_OBJC_IMPLEMENTATIONS = YES;
				CLANG_WARN_DIRECT_OBJC_ISA_USAGE = YES_ERROR;
				CLANG_WARN_DOCUMENTATION_COMMENTS = YES;
				CLANG_WARN_EMPTY_BODY = YES;
				CLANG_WARN_ENUM_CONVERSION = YES;
				CLANG_WARN_INFINITE_RECURSION = YES;
				CLANG_WARN_INT_CONVERSION = YES;
				CLANG_WARN_NON_LITERAL_NULL_CONVERSION = YES;
				CLANG_WARN_OBJC_IMPLICIT_RETAIN_SELF = YES;
				CLANG_WARN_OBJC_LITERAL_CONVERSION = YES;
				CLANG_WARN_OBJC_ROOT_CLASS = YES_ERROR;
				CLANG_WARN_QUOTED_INCLUDE_IN_FRAMEWORK_HEADER = YES;
				CLANG_WARN_RANGE_LOOP_ANALYSIS = YES;
				CLANG_WARN_STRICT_PROTOTYPES = YES;
				CLANG_WARN_SUSPICIOUS_MOVE = YES;
				CLANG_WARN_UNGUARDED_AVAILABILITY = YES_AGGRESSIVE;
				CLANG_WARN_UNREACHABLE_CODE = YES;
				CLANG_WARN__DUPLICATE_METHOD_MATCH = YES;
				COPY_PHASE_STRIP = NO;
				DEBUG_INFORMATION_FORMAT = dwarf;
				ENABLE_STRICT_OBJC_MSGSEND = YES;
				ENABLE_TESTABILITY = YES;
				ENABLE_USER_SCRIPT_SANDBOXING = YES;
				GCC_C_LANGUAGE_STANDARD = gnu17;
				GCC_DYNAMIC_NO_PIC = NO;
				GCC_NO_COMMON_BLOCKS = YES;
				GCC_OPTIMIZATION_LEVEL = 0;
				GCC_PREPROCESSOR_DEFINITIONS = (
					"DEBUG=1",
					"$(inherited)",
				);
				GCC_WARN_64_TO_32_BIT_CONVERSION = YES;
				GCC_WARN_ABOUT_RETURN_TYPE = YES_ERROR;
				GCC_WARN_UNDECLARED_SELECTOR = YES;
				GCC_WARN_UNINITIALIZED_AUTOS = YES_AGGRESSIVE;
				GCC_WARN_UNUSED_FUNCTION = YES;
				GCC_WARN_UNUSED_VARIABLE = YES;
				IPHONEOS_DEPLOYMENT_TARGET = 17.2;
				LOCALIZATION_PREFERS_STRING_CATALOGS = YES;
				MTL_ENABLE_DEBUG_INFO = INCLUDE_SOURCE;
				MTL_FAST_MATH = YES;
				ONLY_ACTIVE_ARCH = YES;
				SDKROOT = iphoneos;
				SWIFT_ACTIVE_COMPILATION_CONDITIONS = "DEBUG $(inherited)";
				SWIFT_OPTIMIZATION_LEVEL = "-Onone";
			};
			name = Debug;
		};
		E5808E2B2B82216D009283CE /* Release */ = {
			isa = XCBuildConfiguration;
			buildSettings = {
				ALWAYS_SEARCH_USER_PATHS = NO;
				ASSETCATALOG_COMPILER_GENERATE_SWIFT_ASSET_SYMBOL_EXTENSIONS = YES;
				CLANG_ANALYZER_NONNULL = YES;
				CLANG_ANALYZER_NUMBER_OBJECT_CONVERSION = YES_AGGRESSIVE;
				CLANG_CXX_LANGUAGE_STANDARD = "gnu++20";
				CLANG_ENABLE_MODULES = YES;
				CLANG_ENABLE_OBJC_ARC = YES;
				CLANG_ENABLE_OBJC_WEAK = YES;
				CLANG_WARN_BLOCK_CAPTURE_AUTORELEASING = YES;
				CLANG_WARN_BOOL_CONVERSION = YES;
				CLANG_WARN_COMMA = YES;
				CLANG_WARN_CONSTANT_CONVERSION = YES;
				CLANG_WARN_DEPRECATED_OBJC_IMPLEMENTATIONS = YES;
				CLANG_WARN_DIRECT_OBJC_ISA_USAGE = YES_ERROR;
				CLANG_WARN_DOCUMENTATION_COMMENTS = YES;
				CLANG_WARN_EMPTY_BODY = YES;
				CLANG_WARN_ENUM_CONVERSION = YES;
				CLANG_WARN_INFINITE_RECURSION = YES;
				CLANG_WARN_INT_CONVERSION = YES;
				CLANG_WARN_NON_LITERAL_NULL_CONVERSION = YES;
				CLANG_WARN_OBJC_IMPLICIT_RETAIN_SELF = YES;
				CLANG_WARN_OBJC_LITERAL_CONVERSION = YES;
				CLANG_WARN_OBJC_ROOT_CLASS = YES_ERROR;
				CLANG_WARN_QUOTED_INCLUDE_IN_FRAMEWORK_HEADER = YES;
				CLANG_WARN_RANGE_LOOP_ANALYSIS = YES;
				CLANG_WARN_STRICT_PROTOTYPES = YES;
				CLANG_WARN_SUSPICIOUS_MOVE = YES;
				CLANG_WARN_UNGUARDED_AVAILABILITY = YES_AGGRESSIVE;
				CLANG_WARN_UNREACHABLE_CODE = YES;
				CLANG_WARN__DUPLICATE_METHOD_MATCH = YES;
				COPY_PHASE_STRIP = NO;
				DEBUG_INFORMATION_FORMAT = "dwarf-with-dsym";
				ENABLE_NS_ASSERTIONS = NO;
				ENABLE_STRICT_OBJC_MSGSEND = YES;
				ENABLE_USER_SCRIPT_SANDBOXING = YES;
				GCC_C_LANGUAGE_STANDARD = gnu17;
				GCC_NO_COMMON_BLOCKS = YES;
				GCC_WARN_64_TO_32_BIT_CONVERSION = YES;
				GCC_WARN_ABOUT_RETURN_TYPE = YES_ERROR;
				GCC_WARN_UNDECLARED_SELECTOR = YES;
				GCC_WARN_UNINITIALIZED_AUTOS = YES_AGGRESSIVE;
				GCC_WARN_UNUSED_FUNCTION = YES;
				GCC_WARN_UNUSED_VARIABLE = YES;
				IPHONEOS_DEPLOYMENT_TARGET = 17.2;
				LOCALIZATION_PREFERS_STRING_CATALOGS = YES;
				MTL_ENABLE_DEBUG_INFO = NO;
				MTL_FAST_MATH = YES;
				SDKROOT = iphoneos;
				SWIFT_COMPILATION_MODE = wholemodule;
				VALIDATE_PRODUCT = YES;
			};
			name = Release;
		};
		E5808E2D2B82216D009283CE /* Debug */ = {
			isa = XCBuildConfiguration;
			buildSettings = {
				ASSETCATALOG_COMPILER_APPICON_NAME = AppIcon;
				ASSETCATALOG_COMPILER_GLOBAL_ACCENT_COLOR_NAME = AccentColor;
				CODE_SIGN_STYLE = Automatic;
				CURRENT_PROJECT_VERSION = 1;
				DEVELOPMENT_ASSET_PATHS = "\"RealTimeMessenger/Resources/Preview Content\"";
				DEVELOPMENT_TEAM = SKCX3NJ774;
				ENABLE_PREVIEWS = YES;
				GENERATE_INFOPLIST_FILE = YES;
				INFOPLIST_KEY_UIApplicationSceneManifest_Generation = YES;
				INFOPLIST_KEY_UIApplicationSupportsIndirectInputEvents = YES;
				INFOPLIST_KEY_UILaunchScreen_Generation = YES;
				INFOPLIST_KEY_UISupportedInterfaceOrientations_iPad = "UIInterfaceOrientationPortrait UIInterfaceOrientationPortraitUpsideDown UIInterfaceOrientationLandscapeLeft UIInterfaceOrientationLandscapeRight";
				INFOPLIST_KEY_UISupportedInterfaceOrientations_iPhone = "UIInterfaceOrientationPortrait UIInterfaceOrientationLandscapeLeft UIInterfaceOrientationLandscapeRight";
				LD_RUNPATH_SEARCH_PATHS = (
					"$(inherited)",
					"@executable_path/Frameworks",
				);
				MARKETING_VERSION = 1.0;
				PRODUCT_BUNDLE_IDENTIFIER = com.github.migthyK1ngRichard.RealTimeMessenger;
				PRODUCT_NAME = "$(TARGET_NAME)";
				SWIFT_EMIT_LOC_STRINGS = YES;
				SWIFT_VERSION = 5.0;
				TARGETED_DEVICE_FAMILY = "1,2";
			};
			name = Debug;
		};
		E5808E2E2B82216D009283CE /* Release */ = {
			isa = XCBuildConfiguration;
			buildSettings = {
				ASSETCATALOG_COMPILER_APPICON_NAME = AppIcon;
				ASSETCATALOG_COMPILER_GLOBAL_ACCENT_COLOR_NAME = AccentColor;
				CODE_SIGN_STYLE = Automatic;
				CURRENT_PROJECT_VERSION = 1;
				DEVELOPMENT_ASSET_PATHS = "\"RealTimeMessenger/Resources/Preview Content\"";
				DEVELOPMENT_TEAM = SKCX3NJ774;
				ENABLE_PREVIEWS = YES;
				GENERATE_INFOPLIST_FILE = YES;
				INFOPLIST_KEY_UIApplicationSceneManifest_Generation = YES;
				INFOPLIST_KEY_UIApplicationSupportsIndirectInputEvents = YES;
				INFOPLIST_KEY_UILaunchScreen_Generation = YES;
				INFOPLIST_KEY_UISupportedInterfaceOrientations_iPad = "UIInterfaceOrientationPortrait UIInterfaceOrientationPortraitUpsideDown UIInterfaceOrientationLandscapeLeft UIInterfaceOrientationLandscapeRight";
				INFOPLIST_KEY_UISupportedInterfaceOrientations_iPhone = "UIInterfaceOrientationPortrait UIInterfaceOrientationLandscapeLeft UIInterfaceOrientationLandscapeRight";
				LD_RUNPATH_SEARCH_PATHS = (
					"$(inherited)",
					"@executable_path/Frameworks",
				);
				MARKETING_VERSION = 1.0;
				PRODUCT_BUNDLE_IDENTIFIER = com.github.migthyK1ngRichard.RealTimeMessenger;
				PRODUCT_NAME = "$(TARGET_NAME)";
				SWIFT_EMIT_LOC_STRINGS = YES;
				SWIFT_VERSION = 5.0;
				TARGETED_DEVICE_FAMILY = "1,2";
			};
			name = Release;
		};
/* End XCBuildConfiguration section */

/* Begin XCConfigurationList section */
		E5808E192B82216C009283CE /* Build configuration list for PBXProject "RealTimeMessenger" */ = {
			isa = XCConfigurationList;
			buildConfigurations = (
				E5808E2A2B82216D009283CE /* Debug */,
				E5808E2B2B82216D009283CE /* Release */,
			);
			defaultConfigurationIsVisible = 0;
			defaultConfigurationName = Release;
		};
		E5808E2C2B82216D009283CE /* Build configuration list for PBXNativeTarget "RealTimeMessenger" */ = {
			isa = XCConfigurationList;
			buildConfigurations = (
				E5808E2D2B82216D009283CE /* Debug */,
				E5808E2E2B82216D009283CE /* Release */,
			);
			defaultConfigurationIsVisible = 0;
			defaultConfigurationName = Release;
		};
/* End XCConfigurationList section */
	};
	rootObject = E5808E162B82216C009283CE /* Project object */;
}
